
Microsoft Visual Studio Solution File, Format Version 12.00
# Visual Studio 15
VisualStudioVersion = 15.0.28010.2016
MinimumVisualStudioVersion = 10.0.40219.1
Project("{FAE04EC0-301F-11D3-BF4B-00C04F79EFBC}") = "EleventhPerformance", "EleventhPerformance\EleventhPerformance.csproj", "{3B5637DE-7F3C-4BC4-86CA-3A2BF15A4441}"
EndProject
Global
	GlobalSection(SolutionConfigurationPlatforms) = preSolution
		Debug|Any CPU = Debug|Any CPU
		Release|Any CPU = Release|Any CPU
	EndGlobalSection
	GlobalSection(ProjectConfigurationPlatforms) = postSolution
		{3B5637DE-7F3C-4BC4-86CA-3A2BF15A4441}.Debug|Any CPU.ActiveCfg = Debug|Any CPU
		{3B5637DE-7F3C-4BC4-86CA-3A2BF15A4441}.Debug|Any CPU.Build.0 = Debug|Any CPU
		{3B5637DE-7F3C-4BC4-86CA-3A2BF15A4441}.Release|Any CPU.ActiveCfg = Release|Any CPU
		{3B5637DE-7F3C-4BC4-86CA-3A2BF15A4441}.Release|Any CPU.Build.0 = Release|Any CPU
	EndGlobalSection
	GlobalSection(SolutionProperties) = preSolution
		HideSolutionNode = FALSE
	EndGlobalSection
	GlobalSection(ExtensibilityGlobals) = postSolution
		SolutionGuid = {75BB3113-392D-4C1A-B39D-79689A346B5B}
	EndGlobalSection
EndGlobal
